
Microsoft Visual Studio Solution File, Format Version 12.00
# Visual Studio Version 17
VisualStudioVersion = 17.6.33723.286
MinimumVisualStudioVersion = 10.0.40219.1
Project("{9A19103F-16F7-4668-BE54-9A1E7A4F7556}") = "VendorManagement_WebApi", "VendorManagement\VendorManagement_WebApi.csproj", "{96136C3E-904B-4926-B245-8A37FFB1B7D3}"
EndProject
Project("{9A19103F-16F7-4668-BE54-9A1E7A4F7556}") = "Model", "Model_VendorManagement\Model.csproj", "{82B72A4A-D302-496D-9F33-934DF76D8681}"
EndProject
Project("{9A19103F-16F7-4668-BE54-9A1E7A4F7556}") = "Repository", "DataAccess_VendorManagement\Repository.csproj", "{3E459371-210E-4D6B-A055-F779DB08CCD6}"
EndProject
Project("{9A19103F-16F7-4668-BE54-9A1E7A4F7556}") = "Services", "BusinessRules_VendorManagement\Services.csproj", "{A172E303-8FF2-4230-AED6-E051E2AB1438}"
EndProject
Global
	GlobalSection(SolutionConfigurationPlatforms) = preSolution
		Debug|Any CPU = Debug|Any CPU
		Release|Any CPU = Release|Any CPU
	EndGlobalSection
	GlobalSection(ProjectConfigurationPlatforms) = postSolution
		{96136C3E-904B-4926-B245-8A37FFB1B7D3}.Debug|Any CPU.ActiveCfg = Debug|Any CPU
		{96136C3E-904B-4926-B245-8A37FFB1B7D3}.Debug|Any CPU.Build.0 = Debug|Any CPU
		{96136C3E-904B-4926-B245-8A37FFB1B7D3}.Release|Any CPU.ActiveCfg = Release|Any CPU
		{96136C3E-904B-4926-B245-8A37FFB1B7D3}.Release|Any CPU.Build.0 = Release|Any CPU
		{82B72A4A-D302-496D-9F33-934DF76D8681}.Debug|Any CPU.ActiveCfg = Debug|Any CPU
		{82B72A4A-D302-496D-9F33-934DF76D8681}.Debug|Any CPU.Build.0 = Debug|Any CPU
		{82B72A4A-D302-496D-9F33-934DF76D8681}.Release|Any CPU.ActiveCfg = Release|Any CPU
		{82B72A4A-D302-496D-9F33-934DF76D8681}.Release|Any CPU.Build.0 = Release|Any CPU
		{3E459371-210E-4D6B-A055-F779DB08CCD6}.Debug|Any CPU.ActiveCfg = Debug|Any CPU
		{3E459371-210E-4D6B-A055-F779DB08CCD6}.Debug|Any CPU.Build.0 = Debug|Any CPU
		{3E459371-210E-4D6B-A055-F779DB08CCD6}.Release|Any CPU.ActiveCfg = Release|Any CPU
		{3E459371-210E-4D6B-A055-F779DB08CCD6}.Release|Any CPU.Build.0 = Release|Any CPU
		{A172E303-8FF2-4230-AED6-E051E2AB1438}.Debug|Any CPU.ActiveCfg = Debug|Any CPU
		{A172E303-8FF2-4230-AED6-E051E2AB1438}.Debug|Any CPU.Build.0 = Debug|Any CPU
		{A172E303-8FF2-4230-AED6-E051E2AB1438}.Release|Any CPU.ActiveCfg = Release|Any CPU
		{A172E303-8FF2-4230-AED6-E051E2AB1438}.Release|Any CPU.Build.0 = Release|Any CPU
	EndGlobalSection
	GlobalSection(SolutionProperties) = preSolution
		HideSolutionNode = FALSE
	EndGlobalSection
	GlobalSection(ExtensibilityGlobals) = postSolution
		SolutionGuid = {EC5A5C68-0317-43C8-AD45-0FCC2085DBE0}
	EndGlobalSection
EndGlobal
